// !$*UTF8*$!
{
	archiveVersion = 1;
	classes = {
	};
	objectVersion = 46;
	objects = {

/* Begin PBXBuildFile section */
		FA163DB819BC5AF20010C0FF /* CommandLineHelper.swift in Sources */ = {isa = PBXBuildFile; fileRef = FA163DB719BC5AF20010C0FF /* CommandLineHelper.swift */; };
		FA163DB919BC5AF20010C0FF /* CommandLineHelper.swift in Sources */ = {isa = PBXBuildFile; fileRef = FA163DB719BC5AF20010C0FF /* CommandLineHelper.swift */; };
		FA163DBB19BC7B500010C0FF /* HTML.swift in Sources */ = {isa = PBXBuildFile; fileRef = FA163DBA19BC7B500010C0FF /* HTML.swift */; };
		FA163DBC19BC7B500010C0FF /* HTML.swift in Sources */ = {isa = PBXBuildFile; fileRef = FA163DBA19BC7B500010C0FF /* HTML.swift */; };
		FA813B2219BC5968004E75BD /* main.swift in Sources */ = {isa = PBXBuildFile; fileRef = FA813B2119BC5968004E75BD /* main.swift */; };
		FA813B3C19BC59D3004E75BD /* CommandLineHelperTests.swift in Sources */ = {isa = PBXBuildFile; fileRef = FA813B3B19BC59D3004E75BD /* CommandLineHelperTests.swift */; };
/* End PBXBuildFile section */

/* Begin PBXCopyFilesBuildPhase section */
		FA813B1C19BC5968004E75BD /* CopyFiles */ = {
			isa = PBXCopyFilesBuildPhase;
			buildActionMask = 2147483647;
			dstPath = /usr/share/man/man1/;
			dstSubfolderSpec = 0;
			files = (
			);
			runOnlyForDeploymentPostprocessing = 1;
		};
/* End PBXCopyFilesBuildPhase section */

/* Begin PBXFileReference section */
		FA163DB719BC5AF20010C0FF /* CommandLineHelper.swift */ = {isa = PBXFileReference; fileEncoding = 4; lastKnownFileType = sourcecode.swift; path = CommandLineHelper.swift; sourceTree = "<group>"; };
		FA163DBA19BC7B500010C0FF /* HTML.swift */ = {isa = PBXFileReference; fileEncoding = 4; lastKnownFileType = sourcecode.swift; path = HTML.swift; sourceTree = "<group>"; };
		FA813B1E19BC5968004E75BD /* TestCL */ = {isa = PBXFileReference; explicitFileType = "compiled.mach-o.executable"; includeInIndex = 0; path = TestCL; sourceTree = BUILT_PRODUCTS_DIR; };
		FA813B2119BC5968004E75BD /* main.swift */ = {isa = PBXFileReference; lastKnownFileType = sourcecode.swift; path = main.swift; sourceTree = "<group>"; };
		FA813B3719BC59D3004E75BD /* CommandLineHelperTests.xctest */ = {isa = PBXFileReference; explicitFileType = wrapper.cfbundle; includeInIndex = 0; path = CommandLineHelperTests.xctest; sourceTree = BUILT_PRODUCTS_DIR; };
		FA813B3A19BC59D3004E75BD /* Info.plist */ = {isa = PBXFileReference; lastKnownFileType = text.plist.xml; path = Info.plist; sourceTree = "<group>"; };
		FA813B3B19BC59D3004E75BD /* CommandLineHelperTests.swift */ = {isa = PBXFileReference; lastKnownFileType = sourcecode.swift; path = CommandLineHelperTests.swift; sourceTree = "<group>"; };
/* End PBXFileReference section */

/* Begin PBXFrameworksBuildPhase section */
		FA813B1B19BC5968004E75BD /* Frameworks */ = {
			isa = PBXFrameworksBuildPhase;
			buildActionMask = 2147483647;
			files = (
			);
			runOnlyForDeploymentPostprocessing = 0;
		};
		FA813B3419BC59D3004E75BD /* Frameworks */ = {
			isa = PBXFrameworksBuildPhase;
			buildActionMask = 2147483647;
			files = (
			);
			runOnlyForDeploymentPostprocessing = 0;
		};
/* End PBXFrameworksBuildPhase section */

/* Begin PBXGroup section */
		FA163DB619BC5AE80010C0FF /* CommandLineHelper */ = {
			isa = PBXGroup;
			children = (
				FA163DB719BC5AF20010C0FF /* CommandLineHelper.swift */,
				FA163DBA19BC7B500010C0FF /* HTML.swift */,
			);
			path = CommandLineHelper;
			sourceTree = "<group>";
		};
		FA813B1519BC5968004E75BD = {
			isa = PBXGroup;
			children = (
				FA163DB619BC5AE80010C0FF /* CommandLineHelper */,
				FA813B2019BC5968004E75BD /* TestCL */,
				FA813B3819BC59D3004E75BD /* CommandLineHelperTests */,
				FA813B1F19BC5968004E75BD /* Products */,
			);
			sourceTree = "<group>";
		};
		FA813B1F19BC5968004E75BD /* Products */ = {
			isa = PBXGroup;
			children = (
				FA813B1E19BC5968004E75BD /* TestCL */,
				FA813B3719BC59D3004E75BD /* CommandLineHelperTests.xctest */,
			);
			name = Products;
			sourceTree = "<group>";
		};
		FA813B2019BC5968004E75BD /* TestCL */ = {
			isa = PBXGroup;
			children = (
				FA813B2119BC5968004E75BD /* main.swift */,
			);
			path = TestCL;
			sourceTree = "<group>";
		};
		FA813B3819BC59D3004E75BD /* CommandLineHelperTests */ = {
			isa = PBXGroup;
			children = (
				FA813B3B19BC59D3004E75BD /* CommandLineHelperTests.swift */,
				FA813B3919BC59D3004E75BD /* Supporting Files */,
			);
			path = CommandLineHelperTests;
			sourceTree = "<group>";
		};
		FA813B3919BC59D3004E75BD /* Supporting Files */ = {
			isa = PBXGroup;
			children = (
				FA813B3A19BC59D3004E75BD /* Info.plist */,
			);
			name = "Supporting Files";
			sourceTree = "<group>";
		};
/* End PBXGroup section */

/* Begin PBXNativeTarget section */
		FA813B1D19BC5968004E75BD /* TestCL */ = {
			isa = PBXNativeTarget;
			buildConfigurationList = FA813B2519BC5968004E75BD /* Build configuration list for PBXNativeTarget "TestCL" */;
			buildPhases = (
				FA813B1A19BC5968004E75BD /* Sources */,
				FA813B1B19BC5968004E75BD /* Frameworks */,
				FA813B1C19BC5968004E75BD /* CopyFiles */,
			);
			buildRules = (
			);
			dependencies = (
			);
			name = TestCL;
			productName = TestCL;
			productReference = FA813B1E19BC5968004E75BD /* TestCL */;
			productType = "com.apple.product-type.tool";
		};
		FA813B3619BC59D3004E75BD /* CommandLineHelperTests */ = {
			isa = PBXNativeTarget;
			buildConfigurationList = FA813B4019BC59D3004E75BD /* Build configuration list for PBXNativeTarget "CommandLineHelperTests" */;
			buildPhases = (
				FA813B3319BC59D3004E75BD /* Sources */,
				FA813B3419BC59D3004E75BD /* Frameworks */,
				FA813B3519BC59D3004E75BD /* Resources */,
			);
			buildRules = (
			);
			dependencies = (
			);
			name = CommandLineHelperTests;
			productName = CommandLineHelperTests;
			productReference = FA813B3719BC59D3004E75BD /* CommandLineHelperTests.xctest */;
			productType = "com.apple.product-type.bundle.unit-test";
		};
/* End PBXNativeTarget section */

/* Begin PBXProject section */
		FA813B1619BC5968004E75BD /* Project object */ = {
			isa = PBXProject;
			attributes = {
				LastUpgradeCheck = 0600;
				ORGANIZATIONNAME = "Alejandro Martinez";
				TargetAttributes = {
					FA813B1D19BC5968004E75BD = {
						CreatedOnToolsVersion = 6.0;
					};
					FA813B3619BC59D3004E75BD = {
						CreatedOnToolsVersion = 6.0;
					};
				};
			};
			buildConfigurationList = FA813B1919BC5968004E75BD /* Build configuration list for PBXProject "TestCL" */;
			compatibilityVersion = "Xcode 3.2";
			developmentRegion = English;
			hasScannedForEncodings = 0;
			knownRegions = (
				en,
			);
			mainGroup = FA813B1519BC5968004E75BD;
			productRefGroup = FA813B1F19BC5968004E75BD /* Products */;
			projectDirPath = "";
			projectRoot = "";
			targets = (
				FA813B1D19BC5968004E75BD /* TestCL */,
				FA813B3619BC59D3004E75BD /* CommandLineHelperTests */,
			);
		};
/* End PBXProject section */

/* Begin PBXResourcesBuildPhase section */
		FA813B3519BC59D3004E75BD /* Resources */ = {
			isa = PBXResourcesBuildPhase;
			buildActionMask = 2147483647;
			files = (
			);
			runOnlyForDeploymentPostprocessing = 0;
		};
/* End PBXResourcesBuildPhase section */

/* Begin PBXSourcesBuildPhase section */
		FA813B1A19BC5968004E75BD /* Sources */ = {
			isa = PBXSourcesBuildPhase;
			buildActionMask = 2147483647;
			files = (
				FA163DBB19BC7B500010C0FF /* HTML.swift in Sources */,
				FA813B2219BC5968004E75BD /* main.swift in Sources */,
				FA163DB819BC5AF20010C0FF /* CommandLineHelper.swift in Sources */,
			);
			runOnlyForDeploymentPostprocessing = 0;
		};
		FA813B3319BC59D3004E75BD /* Sources */ = {
			isa = PBXSourcesBuildPhase;
			buildActionMask = 2147483647;
			files = (
				FA163DBC19BC7B500010C0FF /* HTML.swift in Sources */,
				FA813B3C19BC59D3004E75BD /* CommandLineHelperTests.swift in Sources */,
				FA163DB919BC5AF20010C0FF /* CommandLineHelper.swift in Sources */,
			);
			runOnlyForDeploymentPostprocessing = 0;
		};
/* End PBXSourcesBuildPhase section */

/* Begin XCBuildConfiguration section */
		FA813B2319BC5968004E75BD /* Debug */ = {
			isa = XCBuildConfiguration;
			buildSettings = {
				ALWAYS_SEARCH_USER_PATHS = NO;
				CLANG_CXX_LANGUAGE_STANDARD = "gnu++0x";
				CLANG_CXX_LIBRARY = "libc++";
				CLANG_ENABLE_MODULES = YES;
				CLANG_ENABLE_OBJC_ARC = YES;
				CLANG_WARN_BOOL_CONVERSION = YES;
				CLANG_WARN_CONSTANT_CONVERSION = YES;
				CLANG_WARN_DIRECT_OBJC_ISA_USAGE = YES_ERROR;
				CLANG_WARN_EMPTY_BODY = YES;
				CLANG_WARN_ENUM_CONVERSION = YES;
				CLANG_WARN_INT_CONVERSION = YES;
				CLANG_WARN_OBJC_ROOT_CLASS = YES_ERROR;
				CLANG_WARN_UNREACHABLE_CODE = YES;
				CLANG_WARN__DUPLICATE_METHOD_MATCH = YES;
				COPY_PHASE_STRIP = NO;
				ENABLE_STRICT_OBJC_MSGSEND = YES;
				GCC_C_LANGUAGE_STANDARD = gnu99;
				GCC_DYNAMIC_NO_PIC = NO;
				GCC_OPTIMIZATION_LEVEL = 0;
				GCC_PREPROCESSOR_DEFINITIONS = (
					"DEBUG=1",
					"$(inherited)",
				);
				GCC_SYMBOLS_PRIVATE_EXTERN = NO;
				GCC_WARN_64_TO_32_BIT_CONVERSION = YES;
				GCC_WARN_ABOUT_RETURN_TYPE = YES_ERROR;
				GCC_WARN_UNDECLARED_SELECTOR = YES;
				GCC_WARN_UNINITIALIZED_AUTOS = YES_AGGRESSIVE;
				GCC_WARN_UNUSED_FUNCTION = YES;
				GCC_WARN_UNUSED_VARIABLE = YES;
				MACOSX_DEPLOYMENT_TARGET = 10.9;
				MTL_ENABLE_DEBUG_INFO = YES;
				ONLY_ACTIVE_ARCH = YES;
				SDKROOT = macosx;
				SWIFT_OPTIMIZATION_LEVEL = "-Onone";
			};
			name = Debug;
		};
		FA813B2419BC5968004E75BD /* Release */ = {
			isa = XCBuildConfiguration;
			buildSettings = {
				ALWAYS_SEARCH_USER_PATHS = NO;
				CLANG_CXX_LANGUAGE_STANDARD = "gnu++0x";
				CLANG_CXX_LIBRARY = "libc++";
				CLANG_ENABLE_MODULES = YES;
				CLANG_ENABLE_OBJC_ARC = YES;
				CLANG_WARN_BOOL_CONVERSION = YES;
				CLANG_WARN_CONSTANT_CONVERSION = YES;
				CLANG_WARN_DIRECT_OBJC_ISA_USAGE = YES_ERROR;
				CLANG_WARN_EMPTY_BODY = YES;
				CLANG_WARN_ENUM_CONVERSION = YES;
				CLANG_WARN_INT_CONVERSION = YES;
				CLANG_WARN_OBJC_ROOT_CLASS = YES_ERROR;
				CLANG_WARN_UNREACHABLE_CODE = YES;
				CLANG_WARN__DUPLICATE_METHOD_MATCH = YES;
				COPY_PHASE_STRIP = YES;
				DEBUG_INFORMATION_FORMAT = "dwarf-with-dsym";
				ENABLE_NS_ASSERTIONS = NO;
				ENABLE_STRICT_OBJC_MSGSEND = YES;
				GCC_C_LANGUAGE_STANDARD = gnu99;
				GCC_WARN_64_TO_32_BIT_CONVERSION = YES;
				GCC_WARN_ABOUT_RETURN_TYPE = YES_ERROR;
				GCC_WARN_UNDECLARED_SELECTOR = YES;
				GCC_WARN_UNINITIALIZED_AUTOS = YES_AGGRESSIVE;
				GCC_WARN_UNUSED_FUNCTION = YES;
				GCC_WARN_UNUSED_VARIABLE = YES;
				MACOSX_DEPLOYMENT_TARGET = 10.9;
				MTL_ENABLE_DEBUG_INFO = NO;
				SDKROOT = macosx;
			};
			name = Release;
		};
		FA813B2619BC5968004E75BD /* Debug */ = {
			isa = XCBuildConfiguration;
			buildSettings = {
				PRODUCT_NAME = "$(TARGET_NAME)";
			};
			name = Debug;
		};
		FA813B2719BC5968004E75BD /* Release */ = {
			isa = XCBuildConfiguration;
			buildSettings = {
				PRODUCT_NAME = "$(TARGET_NAME)";
			};
			name = Release;
		};
		FA813B4119BC59D3004E75BD /* Debug */ = {
			isa = XCBuildConfiguration;
			buildSettings = {
				COMBINE_HIDPI_IMAGES = YES;
				FRAMEWORK_SEARCH_PATHS = (
					"$(DEVELOPER_FRAMEWORKS_DIR)",
					"$(inherited)",
				);
				GCC_PREPROCESSOR_DEFINITIONS = (
					"DEBUG=1",
					"$(inherited)",
				);
				INFOPLIST_FILE = CommandLineHelperTests/Info.plist;
				LD_RUNPATH_SEARCH_PATHS = "$(inherited) @executable_path/../Frameworks @loader_path/../Frameworks";
				PRODUCT_NAME = "$(TARGET_NAME)";
			};
			name = Debug;
		};
		FA813B4219BC59D3004E75BD /* Release */ = {
			isa = XCBuildConfiguration;
			buildSettings = {
				COMBINE_HIDPI_IMAGES = YES;
				FRAMEWORK_SEARCH_PATHS = (
					"$(DEVELOPER_FRAMEWORKS_DIR)",
					"$(inherited)",
				);
				INFOPLIST_FILE = CommandLineHelperTests/Info.plist;
				LD_RUNPATH_SEARCH_PATHS = "$(inherited) @executable_path/../Frameworks @loader_path/../Frameworks";
				PRODUCT_NAME = "$(TARGET_NAME)";
			};
			name = Release;
		};
/* End XCBuildConfiguration section */

/* Begin XCConfigurationList section */
		FA813B1919BC5968004E75BD /* Build configuration list for PBXProject "TestCL" */ = {
			isa = XCConfigurationList;
			buildConfigurations = (
				FA813B2319BC5968004E75BD /* Debug */,
				FA813B2419BC5968004E75BD /* Release */,
			);
			defaultConfigurationIsVisible = 0;
			defaultConfigurationName = Release;
		};
		FA813B2519BC5968004E75BD /* Build configuration list for PBXNativeTarget "TestCL" */ = {
			isa = XCConfigurationList;
			buildConfigurations = (
				FA813B2619BC5968004E75BD /* Debug */,
				FA813B2719BC5968004E75BD /* Release */,
			);
			defaultConfigurationIsVisible = 0;
			defaultConfigurationName = Release;
		};
		FA813B4019BC59D3004E75BD /* Build configuration list for PBXNativeTarget "CommandLineHelperTests" */ = {
			isa = XCConfigurationList;
			buildConfigurations = (
				FA813B4119BC59D3004E75BD /* Debug */,
				FA813B4219BC59D3004E75BD /* Release */,
			);
			defaultConfigurationIsVisible = 0;
			defaultConfigurationName = Release;
		};
/* End XCConfigurationList section */
	};
	rootObject = FA813B1619BC5968004E75BD /* Project object */;
}
